
Microsoft Visual Studio Solution File, Format Version 11.00
# Visual Studio 2010
Project("{FAE04EC0-301F-11D3-BF4B-00C04F79EFBC}") = "pokemonh", "Assembly-CSharp-Editor.csproj", "{E7397BBE-C87C-547D-2146-60738EB81F40}"
EndProject
Project("{FAE04EC0-301F-11D3-BF4B-00C04F79EFBC}") = "pokemonh", "Assembly-CSharp.csproj", "{EBE49AE1-C63A-5FC7-DBDE-9D7C076923F6}"
EndProject
Project("{FAE04EC0-301F-11D3-BF4B-00C04F79EFBC}") = "pokemonh", "Assembly-CSharp-firstpass.csproj", "{BAC7EE79-B68F-00B8-0B3D-1C5452BA4AA8}"
EndProject
Project("{FAE04EC0-301F-11D3-BF4B-00C04F79EFBC}") = "pokemonh", "Assembly-CSharp-Editor-firstpass.csproj", "{499BE436-09F5-CE94-1D5F-02449BD5769D}"
EndProject
Global
	GlobalSection(SolutionConfigurationPlatforms) = preSolution
		Debug|Any CPU = Debug|Any CPU
		Release|Any CPU = Release|Any CPU
	EndGlobalSection
	GlobalSection(ProjectConfigurationPlatforms) = postSolution
		{E7397BBE-C87C-547D-2146-60738EB81F40}.Debug|Any CPU.ActiveCfg = Debug|Any CPU
		{E7397BBE-C87C-547D-2146-60738EB81F40}.Debug|Any CPU.Build.0 = Debug|Any CPU
		{E7397BBE-C87C-547D-2146-60738EB81F40}.Release|Any CPU.ActiveCfg = Release|Any CPU
		{E7397BBE-C87C-547D-2146-60738EB81F40}.Release|Any CPU.Build.0 = Release|Any CPU
		{EBE49AE1-C63A-5FC7-DBDE-9D7C076923F6}.Debug|Any CPU.ActiveCfg = Debug|Any CPU
		{EBE49AE1-C63A-5FC7-DBDE-9D7C076923F6}.Debug|Any CPU.Build.0 = Debug|Any CPU
		{EBE49AE1-C63A-5FC7-DBDE-9D7C076923F6}.Release|Any CPU.ActiveCfg = Release|Any CPU
		{EBE49AE1-C63A-5FC7-DBDE-9D7C076923F6}.Release|Any CPU.Build.0 = Release|Any CPU
		{BAC7EE79-B68F-00B8-0B3D-1C5452BA4AA8}.Debug|Any CPU.ActiveCfg = Debug|Any CPU
		{BAC7EE79-B68F-00B8-0B3D-1C5452BA4AA8}.Debug|Any CPU.Build.0 = Debug|Any CPU
		{BAC7EE79-B68F-00B8-0B3D-1C5452BA4AA8}.Release|Any CPU.ActiveCfg = Release|Any CPU
		{BAC7EE79-B68F-00B8-0B3D-1C5452BA4AA8}.Release|Any CPU.Build.0 = Release|Any CPU
		{499BE436-09F5-CE94-1D5F-02449BD5769D}.Debug|Any CPU.ActiveCfg = Debug|Any CPU
		{499BE436-09F5-CE94-1D5F-02449BD5769D}.Debug|Any CPU.Build.0 = Debug|Any CPU
		{499BE436-09F5-CE94-1D5F-02449BD5769D}.Release|Any CPU.ActiveCfg = Release|Any CPU
		{499BE436-09F5-CE94-1D5F-02449BD5769D}.Release|Any CPU.Build.0 = Release|Any CPU
	EndGlobalSection
	GlobalSection(SolutionProperties) = preSolution
		HideSolutionNode = FALSE
	EndGlobalSection
	GlobalSection(MonoDevelopProperties) = preSolution
		StartupItem = Assembly-CSharp.csproj
	EndGlobalSection
EndGlobal
